{
  "version": "5",
  "specifiers": {
    "jsr:@std/assert@1": "1.0.19",
    "jsr:@std/internal@^1.0.12": "1.0.14"
  },
  "jsr": {
    "@std/assert@1.0.19": {
      "integrity": "eaada96ee120cb980bc47e040f82814d786fe8162ecc53c91d8df60b8755991e",
      "dependencies": [
        "jsr:@std/internal"
      ]
    },
    "@std/internal@1.0.14": {
      "integrity": "291516b3d4c35024d6ffbc0a9df5bf4c64116e05b50012cf846710152d2ffdf7"
    }
  },
  "workspace": {
    "packageJson": {
      "dependencies": [
        "npm:@eslint/js@^9.36.0",
        "npm:@supabase/supabase-js@^2.58.0",
        "npm:@tailwindcss/vite@^4.1.14",
        "npm:@types/react-dom@^19.1.9",
        "npm:@types/react@^19.1.16",
        "npm:@vitejs/plugin-react@^5.0.4",
        "npm:autoprefixer@^10.4.21",
        "npm:eslint-plugin-react-hooks@^5.2.0",
        "npm:eslint-plugin-react-refresh@~0.4.22",
        "npm:eslint@^9.36.0",
        "npm:globals@^16.4.0",
        "npm:postcss@^8.5.6",
        "npm:react-dom@^19.1.1",
        "npm:react-router-dom@^7.9.3",
        "npm:react@^19.1.1",
        "npm:recharts@^3.10.1",
        "npm:rolldown-vite@7.1.14",
        "npm:tailwindcss@^4.1.14",
        "npm:xlsx@~0.18.5"
      ],
      "overrides": {
        "vite": "npm:rolldown-vite@7.1.14"
      }
    }
  }
}
